// !$*UTF8*$!
{
	archiveVersion = 1;
	classes = {
	};
	objectVersion = 46;
	objects = {

/* Begin PBXBuildFile section */
		76EF461F1DD5AF6F00134391 /* main.m in Sources */ = {isa = PBXBuildFile; fileRef = 76EF461E1DD5AF6F00134391 /* main.m */; };
		76EF46221DD5AF6F00134391 /* AppDelegate.m in Sources */ = {isa = PBXBuildFile; fileRef = 76EF46211DD5AF6F00134391 /* AppDelegate.m */; };
		76EF46281DD5AF6F00134391 /* Main.storyboard in Resources */ = {isa = PBXBuildFile; fileRef = 76EF46261DD5AF6F00134391 /* Main.storyboard */; };
		76EF462A1DD5AF6F00134391 /* Assets.xcassets in Resources */ = {isa = PBXBuildFile; fileRef = 76EF46291DD5AF6F00134391 /* Assets.xcassets */; };
		76EF462D1DD5AF6F00134391 /* LaunchScreen.storyboard in Resources */ = {isa = PBXBuildFile; fileRef = 76EF462B1DD5AF6F00134391 /* LaunchScreen.storyboard */; };
		76EF46381DD5AF7000134391 /* _____11_11Tests.m in Sources */ = {isa = PBXBuildFile; fileRef = 76EF46371DD5AF7000134391 /* _____11_11Tests.m */; };
		76EF46431DD5AF7000134391 /* _____11_11UITests.m in Sources */ = {isa = PBXBuildFile; fileRef = 76EF46421DD5AF7000134391 /* _____11_11UITests.m */; };
		76EF46521DD5B20700134391 /* LNRootViewController.m in Sources */ = {isa = PBXBuildFile; fileRef = 76EF46511DD5B20700134391 /* LNRootViewController.m */; };
		76EF466B1DD5B3AB00134391 /* MASCompositeConstraint.m in Sources */ = {isa = PBXBuildFile; fileRef = 76EF46551DD5B3AB00134391 /* MASCompositeConstraint.m */; };
		76EF466C1DD5B3AB00134391 /* MASConstraint.m in Sources */ = {isa = PBXBuildFile; fileRef = 76EF46581DD5B3AB00134391 /* MASConstraint.m */; };
		76EF466D1DD5B3AB00134391 /* MASConstraintMaker.m in Sources */ = {isa = PBXBuildFile; fileRef = 76EF465A1DD5B3AB00134391 /* MASConstraintMaker.m */; };
		76EF466E1DD5B3AB00134391 /* MASLayoutConstraint.m in Sources */ = {isa = PBXBuildFile; fileRef = 76EF465C1DD5B3AB00134391 /* MASLayoutConstraint.m */; };
		76EF466F1DD5B3AB00134391 /* MASViewAttribute.m in Sources */ = {isa = PBXBuildFile; fileRef = 76EF46601DD5B3AB00134391 /* MASViewAttribute.m */; };
		76EF46701DD5B3AB00134391 /* MASViewConstraint.m in Sources */ = {isa = PBXBuildFile; fileRef = 76EF46621DD5B3AB00134391 /* MASViewConstraint.m */; };
		76EF46711DD5B3AB00134391 /* NSArray+MASAdditions.m in Sources */ = {isa = PBXBuildFile; fileRef = 76EF46641DD5B3AB00134391 /* NSArray+MASAdditions.m */; };
		76EF46721DD5B3AB00134391 /* NSLayoutConstraint+MASDebugAdditions.m in Sources */ = {isa = PBXBuildFile; fileRef = 76EF46671DD5B3AB00134391 /* NSLayoutConstraint+MASDebugAdditions.m */; };
		76EF46731DD5B3AB00134391 /* View+MASAdditions.m in Sources */ = {isa = PBXBuildFile; fileRef = 76EF46691DD5B3AB00134391 /* View+MASAdditions.m */; };
		76EF46771DD5CAC100134391 /* UIImage+Image.m in Sources */ = {isa = PBXBuildFile; fileRef = 76EF46761DD5CAC100134391 /* UIImage+Image.m */; };
		76EF467D1DD6BEA500134391 /* LNTableViewController.m in Sources */ = {isa = PBXBuildFile; fileRef = 76EF467C1DD6BEA500134391 /* LNTableViewController.m */; };
/* End PBXBuildFile section */

/* Begin PBXContainerItemProxy section */
		76EF46341DD5AF7000134391 /* PBXContainerItemProxy */ = {
			isa = PBXContainerItemProxy;
			containerPortal = 76EF46121DD5AF6F00134391 /* Project object */;
			proxyType = 1;
			remoteGlobalIDString = 76EF46191DD5AF6F00134391;
			remoteInfo = "个人详情页11.11";
		};
		76EF463F1DD5AF7000134391 /* PBXContainerItemProxy */ = {
			isa = PBXContainerItemProxy;
			containerPortal = 76EF46121DD5AF6F00134391 /* Project object */;
			proxyType = 1;
			remoteGlobalIDString = 76EF46191DD5AF6F00134391;
			remoteInfo = "个人详情页11.11";
		};
/* End PBXContainerItemProxy section */

/* Begin PBXFileReference section */
		76EF461A1DD5AF6F00134391 /* 个人详情页11.11.app */ = {isa = PBXFileReference; explicitFileType = wrapper.application; includeInIndex = 0; path = "个人详情页11.11.app"; sourceTree = BUILT_PRODUCTS_DIR; };
		76EF461E1DD5AF6F00134391 /* main.m */ = {isa = PBXFileReference; lastKnownFileType = sourcecode.c.objc; path = main.m; sourceTree = "<group>"; };
		76EF46201DD5AF6F00134391 /* AppDelegate.h */ = {isa = PBXFileReference; lastKnownFileType = sourcecode.c.h; path = AppDelegate.h; sourceTree = "<group>"; };
		76EF46211DD5AF6F00134391 /* AppDelegate.m */ = {isa = PBXFileReference; lastKnownFileType = sourcecode.c.objc; path = AppDelegate.m; sourceTree = "<group>"; };
		76EF46271DD5AF6F00134391 /* Base */ = {isa = PBXFileReference; lastKnownFileType = file.storyboard; name = Base; path = Base.lproj/Main.storyboard; sourceTree = "<group>"; };
		76EF46291DD5AF6F00134391 /* Assets.xcassets */ = {isa = PBXFileReference; lastKnownFileType = folder.assetcatalog; path = Assets.xcassets; sourceTree = "<group>"; };
		76EF462C1DD5AF6F00134391 /* Base */ = {isa = PBXFileReference; lastKnownFileType = file.storyboard; name = Base; path = Base.lproj/LaunchScreen.storyboard; sourceTree = "<group>"; };
		76EF462E1DD5AF6F00134391 /* Info.plist */ = {isa = PBXFileReference; lastKnownFileType = text.plist.xml; path = Info.plist; sourceTree = "<group>"; };
		76EF46331DD5AF7000134391 /* 个人详情页11.11Tests.xctest */ = {isa = PBXFileReference; explicitFileType = wrapper.cfbundle; includeInIndex = 0; path = "个人详情页11.11Tests.xctest"; sourceTree = BUILT_PRODUCTS_DIR; };
		76EF46371DD5AF7000134391 /* _____11_11Tests.m */ = {isa = PBXFileReference; lastKnownFileType = sourcecode.c.objc; path = "_____11_11Tests.m"; sourceTree = "<group>"; };
		76EF46391DD5AF7000134391 /* Info.plist */ = {isa = PBXFileReference; lastKnownFileType = text.plist.xml; path = Info.plist; sourceTree = "<group>"; };
		76EF463E1DD5AF7000134391 /* 个人详情页11.11UITests.xctest */ = {isa = PBXFileReference; explicitFileType = wrapper.cfbundle; includeInIndex = 0; path = "个人详情页11.11UITests.xctest"; sourceTree = BUILT_PRODUCTS_DIR; };
		76EF46421DD5AF7000134391 /* _____11_11UITests.m */ = {isa = PBXFileReference; lastKnownFileType = sourcecode.c.objc; path = "_____11_11UITests.m"; sourceTree = "<group>"; };
		76EF46441DD5AF7000134391 /* Info.plist */ = {isa = PBXFileReference; lastKnownFileType = text.plist.xml; path = Info.plist; sourceTree = "<group>"; };
		76EF46501DD5B20700134391 /* LNRootViewController.h */ = {isa = PBXFileReference; fileEncoding = 4; lastKnownFileType = sourcecode.c.h; path = LNRootViewController.h; sourceTree = "<group>"; };
		76EF46511DD5B20700134391 /* LNRootViewController.m */ = {isa = PBXFileReference; fileEncoding = 4; lastKnownFileType = sourcecode.c.objc; path = LNRootViewController.m; sourceTree = "<group>"; };
		76EF46541DD5B3AB00134391 /* MASCompositeConstraint.h */ = {isa = PBXFileReference; fileEncoding = 4; lastKnownFileType = sourcecode.c.h; path = MASCompositeConstraint.h; sourceTree = "<group>"; };
		76EF46551DD5B3AB00134391 /* MASCompositeConstraint.m */ = {isa = PBXFileReference; fileEncoding = 4; lastKnownFileType = sourcecode.c.objc; path = MASCompositeConstraint.m; sourceTree = "<group>"; };
		76EF46561DD5B3AB00134391 /* MASConstraint+Private.h */ = {isa = PBXFileReference; fileEncoding = 4; lastKnownFileType = sourcecode.c.h; path = "MASConstraint+Private.h"; sourceTree = "<group>"; };
		76EF46571DD5B3AB00134391 /* MASConstraint.h */ = {isa = PBXFileReference; fileEncoding = 4; lastKnownFileType = sourcecode.c.h; path = MASConstraint.h; sourceTree = "<group>"; };
		76EF46581DD5B3AB00134391 /* MASConstraint.m */ = {isa = PBXFileReference; fileEncoding = 4; lastKnownFileType = sourcecode.c.objc; path = MASConstraint.m; sourceTree = "<group>"; };
		76EF46591DD5B3AB00134391 /* MASConstraintMaker.h */ = {isa = PBXFileReference; fileEncoding = 4; lastKnownFileType = sourcecode.c.h; path = MASConstraintMaker.h; sourceTree = "<group>"; };
		76EF465A1DD5B3AB00134391 /* MASConstraintMaker.m */ = {isa = PBXFileReference; fileEncoding = 4; lastKnownFileType = sourcecode.c.objc; path = MASConstraintMaker.m; sourceTree = "<group>"; };
		76EF465B1DD5B3AB00134391 /* MASLayoutConstraint.h */ = {isa = PBXFileReference; fileEncoding = 4; lastKnownFileType = sourcecode.c.h; path = MASLayoutConstraint.h; sourceTree = "<group>"; };
		76EF465C1DD5B3AB00134391 /* MASLayoutConstraint.m */ = {isa = PBXFileReference; fileEncoding = 4; lastKnownFileType = sourcecode.c.objc; path = MASLayoutConstraint.m; sourceTree = "<group>"; };
		76EF465D1DD5B3AB00134391 /* Masonry.h */ = {isa = PBXFileReference; fileEncoding = 4; lastKnownFileType = sourcecode.c.h; path = Masonry.h; sourceTree = "<group>"; };
		76EF465E1DD5B3AB00134391 /* MASUtilities.h */ = {isa = PBXFileReference; fileEncoding = 4; lastKnownFileType = sourcecode.c.h; path = MASUtilities.h; sourceTree = "<group>"; };
		76EF465F1DD5B3AB00134391 /* MASViewAttribute.h */ = {isa = PBXFileReference; fileEncoding = 4; lastKnownFileType = sourcecode.c.h; path = MASViewAttribute.h; sourceTree = "<group>"; };
		76EF46601DD5B3AB00134391 /* MASViewAttribute.m */ = {isa = PBXFileReference; fileEncoding = 4; lastKnownFileType = sourcecode.c.objc; path = MASViewAttribute.m; sourceTree = "<group>"; };
		76EF46611DD5B3AB00134391 /* MASViewConstraint.h */ = {isa = PBXFileReference; fileEncoding = 4; lastKnownFileType = sourcecode.c.h; path = MASViewConstraint.h; sourceTree = "<group>"; };
		76EF46621DD5B3AB00134391 /* MASViewConstraint.m */ = {isa = PBXFileReference; fileEncoding = 4; lastKnownFileType = sourcecode.c.objc; path = MASViewConstraint.m; sourceTree = "<group>"; };
		76EF46631DD5B3AB00134391 /* NSArray+MASAdditions.h */ = {isa = PBXFileReference; fileEncoding = 4; lastKnownFileType = sourcecode.c.h; path = "NSArray+MASAdditions.h"; sourceTree = "<group>"; };
		76EF46641DD5B3AB00134391 /* NSArray+MASAdditions.m */ = {isa = PBXFileReference; fileEncoding = 4; lastKnownFileType = sourcecode.c.objc; path = "NSArray+MASAdditions.m"; sourceTree = "<group>"; };
		76EF46651DD5B3AB00134391 /* NSArray+MASShorthandAdditions.h */ = {isa = PBXFileReference; fileEncoding = 4; lastKnownFileType = sourcecode.c.h; path = "NSArray+MASShorthandAdditions.h"; sourceTree = "<group>"; };
		76EF46661DD5B3AB00134391 /* NSLayoutConstraint+MASDebugAdditions.h */ = {isa = PBXFileReference; fileEncoding = 4; lastKnownFileType = sourcecode.c.h; path = "NSLayoutConstraint+MASDebugAdditions.h"; sourceTree = "<group>"; };
		76EF46671DD5B3AB00134391 /* NSLayoutConstraint+MASDebugAdditions.m */ = {isa = PBXFileReference; fileEncoding = 4; lastKnownFileType = sourcecode.c.objc; path = "NSLayoutConstraint+MASDebugAdditions.m"; sourceTree = "<group>"; };
		76EF46681DD5B3AB00134391 /* View+MASAdditions.h */ = {isa = PBXFileReference; fileEncoding = 4; lastKnownFileType = sourcecode.c.h; path = "View+MASAdditions.h"; sourceTree = "<group>"; };
		76EF46691DD5B3AB00134391 /* View+MASAdditions.m */ = {isa = PBXFileReference; fileEncoding = 4; lastKnownFileType = sourcecode.c.objc; path = "View+MASAdditions.m"; sourceTree = "<group>"; };
		76EF466A1DD5B3AB00134391 /* View+MASShorthandAdditions.h */ = {isa = PBXFileReference; fileEncoding = 4; lastKnownFileType = sourcecode.c.h; path = "View+MASShorthandAdditions.h"; sourceTree = "<group>"; };
		76EF46751DD5CAC100134391 /* UIImage+Image.h */ = {isa = PBXFileReference; fileEncoding = 4; lastKnownFileType = sourcecode.c.h; path = "UIImage+Image.h"; sourceTree = "<group>"; };
		76EF46761DD5CAC100134391 /* UIImage+Image.m */ = {isa = PBXFileReference; fileEncoding = 4; lastKnownFileType = sourcecode.c.objc; path = "UIImage+Image.m"; sourceTree = "<group>"; };
		76EF467B1DD6BEA500134391 /* LNTableViewController.h */ = {isa = PBXFileReference; fileEncoding = 4; lastKnownFileType = sourcecode.c.h; path = LNTableViewController.h; sourceTree = "<group>"; };
		76EF467C1DD6BEA500134391 /* LNTableViewController.m */ = {isa = PBXFileReference; fileEncoding = 4; lastKnownFileType = sourcecode.c.objc; path = LNTableViewController.m; sourceTree = "<group>"; };
/* End PBXFileReference section */

/* Begin PBXFrameworksBuildPhase section */
		76EF46171DD5AF6F00134391 /* Frameworks */ = {
			isa = PBXFrameworksBuildPhase;
			buildActionMask = 2147483647;
			files = (
			);
			runOnlyForDeploymentPostprocessing = 0;
		};
		76EF46301DD5AF7000134391 /* Frameworks */ = {
			isa = PBXFrameworksBuildPhase;
			buildActionMask = 2147483647;
			files = (
			);
			runOnlyForDeploymentPostprocessing = 0;
		};
		76EF463B1DD5AF7000134391 /* Frameworks */ = {
			isa = PBXFrameworksBuildPhase;
			buildActionMask = 2147483647;
			files = (
			);
			runOnlyForDeploymentPostprocessing = 0;
		};
/* End PBXFrameworksBuildPhase section */

/* Begin PBXGroup section */
		76EF46111DD5AF6F00134391 = {
			isa = PBXGroup;
			children = (
				76EF461C1DD5AF6F00134391 /* 个人详情页11.11 */,
				76EF46361DD5AF7000134391 /* 个人详情页11.11Tests */,
				76EF46411DD5AF7000134391 /* 个人详情页11.11UITests */,
				76EF461B1DD5AF6F00134391 /* Products */,
			);
			sourceTree = "<group>";
		};
		76EF461B1DD5AF6F00134391 /* Products */ = {
			isa = PBXGroup;
			children = (
				76EF461A1DD5AF6F00134391 /* 个人详情页11.11.app */,
				76EF46331DD5AF7000134391 /* 个人详情页11.11Tests.xctest */,
				76EF463E1DD5AF7000134391 /* 个人详情页11.11UITests.xctest */,
			);
			name = Products;
			sourceTree = "<group>";
		};
		76EF461C1DD5AF6F00134391 /* 个人详情页11.11 */ = {
			isa = PBXGroup;
			children = (
				76EF46741DD5CAC100134391 /* Category */,
				76EF46531DD5B3AB00134391 /* Masonry */,
				76EF46201DD5AF6F00134391 /* AppDelegate.h */,
				76EF46211DD5AF6F00134391 /* AppDelegate.m */,
				76EF46501DD5B20700134391 /* LNRootViewController.h */,
				76EF46511DD5B20700134391 /* LNRootViewController.m */,
				76EF467B1DD6BEA500134391 /* LNTableViewController.h */,
				76EF467C1DD6BEA500134391 /* LNTableViewController.m */,
				76EF46261DD5AF6F00134391 /* Main.storyboard */,
				76EF46291DD5AF6F00134391 /* Assets.xcassets */,
				76EF462B1DD5AF6F00134391 /* LaunchScreen.storyboard */,
				76EF462E1DD5AF6F00134391 /* Info.plist */,
				76EF461D1DD5AF6F00134391 /* Supporting Files */,
			);
			path = "个人详情页11.11";
			sourceTree = "<group>";
		};
		76EF461D1DD5AF6F00134391 /* Supporting Files */ = {
			isa = PBXGroup;
			children = (
				76EF461E1DD5AF6F00134391 /* main.m */,
			);
			name = "Supporting Files";
			sourceTree = "<group>";
		};
		76EF46361DD5AF7000134391 /* 个人详情页11.11Tests */ = {
			isa = PBXGroup;
			children = (
				76EF46371DD5AF7000134391 /* _____11_11Tests.m */,
				76EF46391DD5AF7000134391 /* Info.plist */,
			);
			path = "个人详情页11.11Tests";
			sourceTree = "<group>";
		};
		76EF46411DD5AF7000134391 /* 个人详情页11.11UITests */ = {
			isa = PBXGroup;
			children = (
				76EF46421DD5AF7000134391 /* _____11_11UITests.m */,
				76EF46441DD5AF7000134391 /* Info.plist */,
			);
			path = "个人详情页11.11UITests";
			sourceTree = "<group>";
		};
		76EF46531DD5B3AB00134391 /* Masonry */ = {
			isa = PBXGroup;
			children = (
				76EF46541DD5B3AB00134391 /* MASCompositeConstraint.h */,
				76EF46551DD5B3AB00134391 /* MASCompositeConstraint.m */,
				76EF46561DD5B3AB00134391 /* MASConstraint+Private.h */,
				76EF46571DD5B3AB00134391 /* MASConstraint.h */,
				76EF46581DD5B3AB00134391 /* MASConstraint.m */,
				76EF46591DD5B3AB00134391 /* MASConstraintMaker.h */,
				76EF465A1DD5B3AB00134391 /* MASConstraintMaker.m */,
				76EF465B1DD5B3AB00134391 /* MASLayoutConstraint.h */,
				76EF465C1DD5B3AB00134391 /* MASLayoutConstraint.m */,
				76EF465D1DD5B3AB00134391 /* Masonry.h */,
				76EF465E1DD5B3AB00134391 /* MASUtilities.h */,
				76EF465F1DD5B3AB00134391 /* MASViewAttribute.h */,
				76EF46601DD5B3AB00134391 /* MASViewAttribute.m */,
				76EF46611DD5B3AB00134391 /* MASViewConstraint.h */,
				76EF46621DD5B3AB00134391 /* MASViewConstraint.m */,
				76EF46631DD5B3AB00134391 /* NSArray+MASAdditions.h */,
				76EF46641DD5B3AB00134391 /* NSArray+MASAdditions.m */,
				76EF46651DD5B3AB00134391 /* NSArray+MASShorthandAdditions.h */,
				76EF46661DD5B3AB00134391 /* NSLayoutConstraint+MASDebugAdditions.h */,
				76EF46671DD5B3AB00134391 /* NSLayoutConstraint+MASDebugAdditions.m */,
				76EF46681DD5B3AB00134391 /* View+MASAdditions.h */,
				76EF46691DD5B3AB00134391 /* View+MASAdditions.m */,
				76EF466A1DD5B3AB00134391 /* View+MASShorthandAdditions.h */,
			);
			path = Masonry;
			sourceTree = "<group>";
		};
		76EF46741DD5CAC100134391 /* Category */ = {
			isa = PBXGroup;
			children = (
				76EF46751DD5CAC100134391 /* UIImage+Image.h */,
				76EF46761DD5CAC100134391 /* UIImage+Image.m */,
			);
			path = Category;
			sourceTree = "<group>";
		};
/* End PBXGroup section */

/* Begin PBXNativeTarget section */
		76EF46191DD5AF6F00134391 /* 个人详情页11.11 */ = {
			isa = PBXNativeTarget;
			buildConfigurationList = 76EF46471DD5AF7000134391 /* Build configuration list for PBXNativeTarget "个人详情页11.11" */;
			buildPhases = (
				76EF46161DD5AF6F00134391 /* Sources */,
				76EF46171DD5AF6F00134391 /* Frameworks */,
				76EF46181DD5AF6F00134391 /* Resources */,
			);
			buildRules = (
			);
			dependencies = (
			);
			name = "个人详情页11.11";
			productName = "个人详情页11.11";
			productReference = 76EF461A1DD5AF6F00134391 /* 个人详情页11.11.app */;
			productType = "com.apple.product-type.application";
		};
		76EF46321DD5AF7000134391 /* 个人详情页11.11Tests */ = {
			isa = PBXNativeTarget;
			buildConfigurationList = 76EF464A1DD5AF7000134391 /* Build configuration list for PBXNativeTarget "个人详情页11.11Tests" */;
			buildPhases = (
				76EF462F1DD5AF7000134391 /* Sources */,
				76EF46301DD5AF7000134391 /* Frameworks */,
				76EF46311DD5AF7000134391 /* Resources */,
			);
			buildRules = (
			);
			dependencies = (
				76EF46351DD5AF7000134391 /* PBXTargetDependency */,
			);
			name = "个人详情页11.11Tests";
			productName = "个人详情页11.11Tests";
			productReference = 76EF46331DD5AF7000134391 /* 个人详情页11.11Tests.xctest */;
			productType = "com.apple.product-type.bundle.unit-test";
		};
		76EF463D1DD5AF7000134391 /* 个人详情页11.11UITests */ = {
			isa = PBXNativeTarget;
			buildConfigurationList = 76EF464D1DD5AF7000134391 /* Build configuration list for PBXNativeTarget "个人详情页11.11UITests" */;
			buildPhases = (
				76EF463A1DD5AF7000134391 /* Sources */,
				76EF463B1DD5AF7000134391 /* Frameworks */,
				76EF463C1DD5AF7000134391 /* Resources */,
			);
			buildRules = (
			);
			dependencies = (
				76EF46401DD5AF7000134391 /* PBXTargetDependency */,
			);
			name = "个人详情页11.11UITests";
			productName = "个人详情页11.11UITests";
			productReference = 76EF463E1DD5AF7000134391 /* 个人详情页11.11UITests.xctest */;
			productType = "com.apple.product-type.bundle.ui-testing";
		};
/* End PBXNativeTarget section */

/* Begin PBXProject section */
		76EF46121DD5AF6F00134391 /* Project object */ = {
			isa = PBXProject;
			attributes = {
				CLASSPREFIX = LN;
				LastUpgradeCheck = 0730;
				ORGANIZATIONNAME = LearningPoint;
				TargetAttributes = {
					76EF46191DD5AF6F00134391 = {
						CreatedOnToolsVersion = 7.3.1;
					};
					76EF46321DD5AF7000134391 = {
						CreatedOnToolsVersion = 7.3.1;
						TestTargetID = 76EF46191DD5AF6F00134391;
					};
					76EF463D1DD5AF7000134391 = {
						CreatedOnToolsVersion = 7.3.1;
						TestTargetID = 76EF46191DD5AF6F00134391;
					};
				};
			};
			buildConfigurationList = 76EF46151DD5AF6F00134391 /* Build configuration list for PBXProject "个人详情页11.11" */;
			compatibilityVersion = "Xcode 3.2";
			developmentRegion = English;
			hasScannedForEncodings = 0;
			knownRegions = (
				en,
				Base,
			);
			mainGroup = 76EF46111DD5AF6F00134391;
			productRefGroup = 76EF461B1DD5AF6F00134391 /* Products */;
			projectDirPath = "";
			projectRoot = "";
			targets = (
				76EF46191DD5AF6F00134391 /* 个人详情页11.11 */,
				76EF46321DD5AF7000134391 /* 个人详情页11.11Tests */,
				76EF463D1DD5AF7000134391 /* 个人详情页11.11UITests */,
			);
		};
/* End PBXProject section */

/* Begin PBXResourcesBuildPhase section */
		76EF46181DD5AF6F00134391 /* Resources */ = {
			isa = PBXResourcesBuildPhase;
			buildActionMask = 2147483647;
			files = (
				76EF462D1DD5AF6F00134391 /* LaunchScreen.storyboard in Resources */,
				76EF462A1DD5AF6F00134391 /* Assets.xcassets in Resources */,
				76EF46281DD5AF6F00134391 /* Main.storyboard in Resources */,
			);
			runOnlyForDeploymentPostprocessing = 0;
		};
		76EF46311DD5AF7000134391 /* Resources */ = {
			isa = PBXResourcesBuildPhase;
			buildActionMask = 2147483647;
			files = (
			);
			runOnlyForDeploymentPostprocessing = 0;
		};
		76EF463C1DD5AF7000134391 /* Resources */ = {
			isa = PBXResourcesBuildPhase;
			buildActionMask = 2147483647;
			files = (
			);
			runOnlyForDeploymentPostprocessing = 0;
		};
/* End PBXResourcesBuildPhase section */

/* Begin PBXSourcesBuildPhase section */
		76EF46161DD5AF6F00134391 /* Sources */ = {
			isa = PBXSourcesBuildPhase;
			buildActionMask = 2147483647;
			files = (
				76EF46721DD5B3AB00134391 /* NSLayoutConstraint+MASDebugAdditions.m in Sources */,
				76EF46701DD5B3AB00134391 /* MASViewConstraint.m in Sources */,
				76EF466B1DD5B3AB00134391 /* MASCompositeConstraint.m in Sources */,
				76EF46711DD5B3AB00134391 /* NSArray+MASAdditions.m in Sources */,
				76EF46221DD5AF6F00134391 /* AppDelegate.m in Sources */,
				76EF461F1DD5AF6F00134391 /* main.m in Sources */,
				76EF466E1DD5B3AB00134391 /* MASLayoutConstraint.m in Sources */,
				76EF467D1DD6BEA500134391 /* LNTableViewController.m in Sources */,
				76EF46771DD5CAC100134391 /* UIImage+Image.m in Sources */,
				76EF46521DD5B20700134391 /* LNRootViewController.m in Sources */,
				76EF46731DD5B3AB00134391 /* View+MASAdditions.m in Sources */,
				76EF466F1DD5B3AB00134391 /* MASViewAttribute.m in Sources */,
				76EF466C1DD5B3AB00134391 /* MASConstraint.m in Sources */,
				76EF466D1DD5B3AB00134391 /* MASConstraintMaker.m in Sources */,
			);
			runOnlyForDeploymentPostprocessing = 0;
		};
		76EF462F1DD5AF7000134391 /* Sources */ = {
			isa = PBXSourcesBuildPhase;
			buildActionMask = 2147483647;
			files = (
				76EF46381DD5AF7000134391 /* _____11_11Tests.m in Sources */,
			);
			runOnlyForDeploymentPostprocessing = 0;
		};
		76EF463A1DD5AF7000134391 /* Sources */ = {
			isa = PBXSourcesBuildPhase;
			buildActionMask = 2147483647;
			files = (
				76EF46431DD5AF7000134391 /* _____11_11UITests.m in Sources */,
			);
			runOnlyForDeploymentPostprocessing = 0;
		};
/* End PBXSourcesBuildPhase section */

/* Begin PBXTargetDependency section */
		76EF46351DD5AF7000134391 /* PBXTargetDependency */ = {
			isa = PBXTargetDependency;
			target = 76EF46191DD5AF6F00134391 /* 个人详情页11.11 */;
			targetProxy = 76EF46341DD5AF7000134391 /* PBXContainerItemProxy */;
		};
		76EF46401DD5AF7000134391 /* PBXTargetDependency */ = {
			isa = PBXTargetDependency;
			target = 76EF46191DD5AF6F00134391 /* 个人详情页11.11 */;
			targetProxy = 76EF463F1DD5AF7000134391 /* PBXContainerItemProxy */;
		};
/* End PBXTargetDependency section */

/* Begin PBXVariantGroup section */
		76EF46261DD5AF6F00134391 /* Main.storyboard */ = {
			isa = PBXVariantGroup;
			children = (
				76EF46271DD5AF6F00134391 /* Base */,
			);
			name = Main.storyboard;
			sourceTree = "<group>";
		};
		76EF462B1DD5AF6F00134391 /* LaunchScreen.storyboard */ = {
			isa = PBXVariantGroup;
			children = (
				76EF462C1DD5AF6F00134391 /* Base */,
			);
			name = LaunchScreen.storyboard;
			sourceTree = "<group>";
		};
/* End PBXVariantGroup section */

/* Begin XCBuildConfiguration section */
		76EF46451DD5AF7000134391 /* Debug */ = {
			isa = XCBuildConfiguration;
			buildSettings = {
				ALWAYS_SEARCH_USER_PATHS = NO;
				CLANG_ANALYZER_NONNULL = YES;
				CLANG_CXX_LANGUAGE_STANDARD = "gnu++0x";
				CLANG_CXX_LIBRARY = "libc++";
				CLANG_ENABLE_MODULES = YES;
				CLANG_ENABLE_OBJC_ARC = YES;
				CLANG_WARN_BOOL_CONVERSION = YES;
				CLANG_WARN_CONSTANT_CONVERSION = YES;
				CLANG_WARN_DIRECT_OBJC_ISA_USAGE = YES_ERROR;
				CLANG_WARN_EMPTY_BODY = YES;
				CLANG_WARN_ENUM_CONVERSION = YES;
				CLANG_WARN_INT_CONVERSION = YES;
				CLANG_WARN_OBJC_ROOT_CLASS = YES_ERROR;
				CLANG_WARN_UNREACHABLE_CODE = YES;
				CLANG_WARN__DUPLICATE_METHOD_MATCH = YES;
				"CODE_SIGN_IDENTITY[sdk=iphoneos*]" = "iPhone Developer";
				COPY_PHASE_STRIP = NO;
				DEBUG_INFORMATION_FORMAT = dwarf;
				ENABLE_STRICT_OBJC_MSGSEND = YES;
				ENABLE_TESTABILITY = YES;
				GCC_C_LANGUAGE_STANDARD = gnu99;
				GCC_DYNAMIC_NO_PIC = NO;
				GCC_NO_COMMON_BLOCKS = YES;
				GCC_OPTIMIZATION_LEVEL = 0;
				GCC_PREPROCESSOR_DEFINITIONS = (
					"DEBUG=1",
					"$(inherited)",
				);
				GCC_WARN_64_TO_32_BIT_CONVERSION = YES;
				GCC_WARN_ABOUT_RETURN_TYPE = YES_ERROR;
				GCC_WARN_UNDECLARED_SELECTOR = YES;
				GCC_WARN_UNINITIALIZED_AUTOS = YES_AGGRESSIVE;
				GCC_WARN_UNUSED_FUNCTION = YES;
				GCC_WARN_UNUSED_VARIABLE = YES;
				IPHONEOS_DEPLOYMENT_TARGET = 9.3;
				MTL_ENABLE_DEBUG_INFO = YES;
				ONLY_ACTIVE_ARCH = YES;
				SDKROOT = iphoneos;
			};
			name = Debug;
		};
		76EF46461DD5AF7000134391 /* Release */ = {
			isa = XCBuildConfiguration;
			buildSettings = {
				ALWAYS_SEARCH_USER_PATHS = NO;
				CLANG_ANALYZER_NONNULL = YES;
				CLANG_CXX_LANGUAGE_STANDARD = "gnu++0x";
				CLANG_CXX_LIBRARY = "libc++";
				CLANG_ENABLE_MODULES = YES;
				CLANG_ENABLE_OBJC_ARC = YES;
				CLANG_WARN_BOOL_CONVERSION = YES;
				CLANG_WARN_CONSTANT_CONVERSION = YES;
				CLANG_WARN_DIRECT_OBJC_ISA_USAGE = YES_ERROR;
				CLANG_WARN_EMPTY_BODY = YES;
				CLANG_WARN_ENUM_CONVERSION = YES;
				CLANG_WARN_INT_CONVERSION = YES;
				CLANG_WARN_OBJC_ROOT_CLASS = YES_ERROR;
				CLANG_WARN_UNREACHABLE_CODE = YES;
				CLANG_WARN__DUPLICATE_METHOD_MATCH = YES;
				"CODE_SIGN_IDENTITY[sdk=iphoneos*]" = "iPhone Developer";
				COPY_PHASE_STRIP = NO;
				DEBUG_INFORMATION_FORMAT = "dwarf-with-dsym";
				ENABLE_NS_ASSERTIONS = NO;
				ENABLE_STRICT_OBJC_MSGSEND = YES;
				GCC_C_LANGUAGE_STANDARD = gnu99;
				GCC_NO_COMMON_BLOCKS = YES;
				GCC_WARN_64_TO_32_BIT_CONVERSION = YES;
				GCC_WARN_ABOUT_RETURN_TYPE = YES_ERROR;
				GCC_WARN_UNDECLARED_SELECTOR = YES;
				GCC_WARN_UNINITIALIZED_AUTOS = YES_AGGRESSIVE;
				GCC_WARN_UNUSED_FUNCTION = YES;
				GCC_WARN_UNUSED_VARIABLE = YES;
				IPHONEOS_DEPLOYMENT_TARGET = 9.3;
				MTL_ENABLE_DEBUG_INFO = NO;
				SDKROOT = iphoneos;
				VALIDATE_PRODUCT = YES;
			};
			name = Release;
		};
		76EF46481DD5AF7000134391 /* Debug */ = {
			isa = XCBuildConfiguration;
			buildSettings = {
				ASSETCATALOG_COMPILER_APPICON_NAME = AppIcon;
				INFOPLIST_FILE = "个人详情页11.11/Info.plist";
				LD_RUNPATH_SEARCH_PATHS = "$(inherited) @executable_path/Frameworks";
				PRODUCT_BUNDLE_IDENTIFIER = "LN.-----11-11";
				PRODUCT_NAME = "$(TARGET_NAME)";
			};
			name = Debug;
		};
		76EF46491DD5AF7000134391 /* Release */ = {
			isa = XCBuildConfiguration;
			buildSettings = {
				ASSETCATALOG_COMPILER_APPICON_NAME = AppIcon;
				INFOPLIST_FILE = "个人详情页11.11/Info.plist";
				LD_RUNPATH_SEARCH_PATHS = "$(inherited) @executable_path/Frameworks";
				PRODUCT_BUNDLE_IDENTIFIER = "LN.-----11-11";
				PRODUCT_NAME = "$(TARGET_NAME)";
			};
			name = Release;
		};
		76EF464B1DD5AF7000134391 /* Debug */ = {
			isa = XCBuildConfiguration;
			buildSettings = {
				BUNDLE_LOADER = "$(TEST_HOST)";
				INFOPLIST_FILE = "个人详情页11.11Tests/Info.plist";
				LD_RUNPATH_SEARCH_PATHS = "$(inherited) @executable_path/Frameworks @loader_path/Frameworks";
				PRODUCT_BUNDLE_IDENTIFIER = "LN.-----11-11Tests";
				PRODUCT_NAME = "$(TARGET_NAME)";
				TEST_HOST = "$(BUILT_PRODUCTS_DIR)/个人详情页11.11.app/个人详情页11.11";
			};
			name = Debug;
		};
		76EF464C1DD5AF7000134391 /* Release */ = {
			isa = XCBuildConfiguration;
			buildSettings = {
				BUNDLE_LOADER = "$(TEST_HOST)";
				INFOPLIST_FILE = "个人详情页11.11Tests/Info.plist";
				LD_RUNPATH_SEARCH_PATHS = "$(inherited) @executable_path/Frameworks @loader_path/Frameworks";
				PRODUCT_BUNDLE_IDENTIFIER = "LN.-----11-11Tests";
				PRODUCT_NAME = "$(TARGET_NAME)";
				TEST_HOST = "$(BUILT_PRODUCTS_DIR)/个人详情页11.11.app/个人详情页11.11";
			};
			name = Release;
		};
		76EF464E1DD5AF7000134391 /* Debug */ = {
			isa = XCBuildConfiguration;
			buildSettings = {
				INFOPLIST_FILE = "个人详情页11.11UITests/Info.plist";
				LD_RUNPATH_SEARCH_PATHS = "$(inherited) @executable_path/Frameworks @loader_path/Frameworks";
				PRODUCT_BUNDLE_IDENTIFIER = "LN.-----11-11UITests";
				PRODUCT_NAME = "$(TARGET_NAME)";
				TEST_TARGET_NAME = "个人详情页11.11";
			};
			name = Debug;
		};
		76EF464F1DD5AF7000134391 /* Release */ = {
			isa = XCBuildConfiguration;
			buildSettings = {
				INFOPLIST_FILE = "个人详情页11.11UITests/Info.plist";
				LD_RUNPATH_SEARCH_PATHS = "$(inherited) @executable_path/Frameworks @loader_path/Frameworks";
				PRODUCT_BUNDLE_IDENTIFIER = "LN.-----11-11UITests";
				PRODUCT_NAME = "$(TARGET_NAME)";
				TEST_TARGET_NAME = "个人详情页11.11";
			};
			name = Release;
		};
/* End XCBuildConfiguration section */

/* Begin XCConfigurationList section */
		76EF46151DD5AF6F00134391 /* Build configuration list for PBXProject "个人详情页11.11" */ = {
			isa = XCConfigurationList;
			buildConfigurations = (
				76EF46451DD5AF7000134391 /* Debug */,
				76EF46461DD5AF7000134391 /* Release */,
			);
			defaultConfigurationIsVisible = 0;
			defaultConfigurationName = Release;
		};
		76EF46471DD5AF7000134391 /* Build configuration list for PBXNativeTarget "个人详情页11.11" */ = {
			isa = XCConfigurationList;
			buildConfigurations = (
				76EF46481DD5AF7000134391 /* Debug */,
				76EF46491DD5AF7000134391 /* Release */,
			);
			defaultConfigurationIsVisible = 0;
			defaultConfigurationName = Release;
		};
		76EF464A1DD5AF7000134391 /* Build configuration list for PBXNativeTarget "个人详情页11.11Tests" */ = {
			isa = XCConfigurationList;
			buildConfigurations = (
				76EF464B1DD5AF7000134391 /* Debug */,
				76EF464C1DD5AF7000134391 /* Release */,
			);
			defaultConfigurationIsVisible = 0;
			defaultConfigurationName = Release;
		};
		76EF464D1DD5AF7000134391 /* Build configuration list for PBXNativeTarget "个人详情页11.11UITests" */ = {
			isa = XCConfigurationList;
			buildConfigurations = (
				76EF464E1DD5AF7000134391 /* Debug */,
				76EF464F1DD5AF7000134391 /* Release */,
			);
			defaultConfigurationIsVisible = 0;
			defaultConfigurationName = Release;
		};
/* End XCConfigurationList section */
	};
	rootObject = 76EF46121DD5AF6F00134391 /* Project object */;
}
