// !$*UTF8*$!
{
	archiveVersion = 1;
	classes = {
	};
	objectVersion = 50;
	objects = {

/* Begin PBXBuildFile section */
		76472CBD215B92880006405B /* Main.storyboard in Resources */ = {isa = PBXBuildFile; fileRef = 76472CBB215B92880006405B /* Main.storyboard */; };
		76472CBF215B92890006405B /* Assets.xcassets in Resources */ = {isa = PBXBuildFile; fileRef = 76472CBE215B92890006405B /* Assets.xcassets */; };
		76472CC2215B92890006405B /* LaunchScreen.storyboard in Resources */ = {isa = PBXBuildFile; fileRef = 76472CC0215B92890006405B /* LaunchScreen.storyboard */; };
		76472CDF215B92F90006405B /* LNViewController.m in Sources */ = {isa = PBXBuildFile; fileRef = 76472CD5215B92F90006405B /* LNViewController.m */; };
		76472CE0215B92F90006405B /* LNDrawerViewController.m in Sources */ = {isa = PBXBuildFile; fileRef = 76472CD8215B92F90006405B /* LNDrawerViewController.m */; };
		76472CE1215B92F90006405B /* LNMainTableVC.m in Sources */ = {isa = PBXBuildFile; fileRef = 76472CD9215B92F90006405B /* LNMainTableVC.m */; };
		76472CE2215B92F90006405B /* main.m in Sources */ = {isa = PBXBuildFile; fileRef = 76472CDD215B92F90006405B /* main.m */; };
		76472CE3215B92F90006405B /* AppDelegate.m in Sources */ = {isa = PBXBuildFile; fileRef = 76472CDE215B92F90006405B /* AppDelegate.m */; };
		76472CE6215B94E80006405B /* LNLeftTableVC.m in Sources */ = {isa = PBXBuildFile; fileRef = 76472CE5215B94E80006405B /* LNLeftTableVC.m */; };
		76472CE9215B94FC0006405B /* LNRightTableVC.m in Sources */ = {isa = PBXBuildFile; fileRef = 76472CE8215B94FC0006405B /* LNRightTableVC.m */; };
/* End PBXBuildFile section */

/* Begin PBXFileReference section */
		76472CB2215B92880006405B /* LNDrawerC.app */ = {isa = PBXFileReference; explicitFileType = wrapper.application; includeInIndex = 0; path = LNDrawerC.app; sourceTree = BUILT_PRODUCTS_DIR; };
		76472CBC215B92880006405B /* Base */ = {isa = PBXFileReference; lastKnownFileType = file.storyboard; name = Base; path = Base.lproj/Main.storyboard; sourceTree = "<group>"; };
		76472CBE215B92890006405B /* Assets.xcassets */ = {isa = PBXFileReference; lastKnownFileType = folder.assetcatalog; path = Assets.xcassets; sourceTree = "<group>"; };
		76472CC1215B92890006405B /* Base */ = {isa = PBXFileReference; lastKnownFileType = file.storyboard; name = Base; path = Base.lproj/LaunchScreen.storyboard; sourceTree = "<group>"; };
		76472CC3215B92890006405B /* Info.plist */ = {isa = PBXFileReference; lastKnownFileType = text.plist.xml; path = Info.plist; sourceTree = "<group>"; };
		76472CD5215B92F90006405B /* LNViewController.m */ = {isa = PBXFileReference; fileEncoding = 4; lastKnownFileType = sourcecode.c.objc; path = LNViewController.m; sourceTree = "<group>"; };
		76472CD6215B92F90006405B /* LNMainTableVC.h */ = {isa = PBXFileReference; fileEncoding = 4; lastKnownFileType = sourcecode.c.h; path = LNMainTableVC.h; sourceTree = "<group>"; };
		76472CD7215B92F90006405B /* LNDrawerViewController.h */ = {isa = PBXFileReference; fileEncoding = 4; lastKnownFileType = sourcecode.c.h; path = LNDrawerViewController.h; sourceTree = "<group>"; };
		76472CD8215B92F90006405B /* LNDrawerViewController.m */ = {isa = PBXFileReference; fileEncoding = 4; lastKnownFileType = sourcecode.c.objc; path = LNDrawerViewController.m; sourceTree = "<group>"; };
		76472CD9215B92F90006405B /* LNMainTableVC.m */ = {isa = PBXFileReference; fileEncoding = 4; lastKnownFileType = sourcecode.c.objc; path = LNMainTableVC.m; sourceTree = "<group>"; };
		76472CDA215B92F90006405B /* LNViewController.h */ = {isa = PBXFileReference; fileEncoding = 4; lastKnownFileType = sourcecode.c.h; path = LNViewController.h; sourceTree = "<group>"; };
		76472CDC215B92F90006405B /* AppDelegate.h */ = {isa = PBXFileReference; fileEncoding = 4; lastKnownFileType = sourcecode.c.h; path = AppDelegate.h; sourceTree = "<group>"; };
		76472CDD215B92F90006405B /* main.m */ = {isa = PBXFileReference; fileEncoding = 4; lastKnownFileType = sourcecode.c.objc; path = main.m; sourceTree = "<group>"; };
		76472CDE215B92F90006405B /* AppDelegate.m */ = {isa = PBXFileReference; fileEncoding = 4; lastKnownFileType = sourcecode.c.objc; path = AppDelegate.m; sourceTree = "<group>"; };
		76472CE4215B94E80006405B /* LNLeftTableVC.h */ = {isa = PBXFileReference; lastKnownFileType = sourcecode.c.h; path = LNLeftTableVC.h; sourceTree = "<group>"; };
		76472CE5215B94E80006405B /* LNLeftTableVC.m */ = {isa = PBXFileReference; lastKnownFileType = sourcecode.c.objc; path = LNLeftTableVC.m; sourceTree = "<group>"; };
		76472CE7215B94FC0006405B /* LNRightTableVC.h */ = {isa = PBXFileReference; lastKnownFileType = sourcecode.c.h; path = LNRightTableVC.h; sourceTree = "<group>"; };
		76472CE8215B94FC0006405B /* LNRightTableVC.m */ = {isa = PBXFileReference; lastKnownFileType = sourcecode.c.objc; path = LNRightTableVC.m; sourceTree = "<group>"; };
/* End PBXFileReference section */

/* Begin PBXFrameworksBuildPhase section */
		76472CAF215B92880006405B /* Frameworks */ = {
			isa = PBXFrameworksBuildPhase;
			buildActionMask = 2147483647;
			files = (
			);
			runOnlyForDeploymentPostprocessing = 0;
		};
/* End PBXFrameworksBuildPhase section */

/* Begin PBXGroup section */
		76472CA9215B92880006405B = {
			isa = PBXGroup;
			children = (
				76472CB4215B92880006405B /* LNDrawerC */,
				76472CB3215B92880006405B /* Products */,
			);
			sourceTree = "<group>";
		};
		76472CB3215B92880006405B /* Products */ = {
			isa = PBXGroup;
			children = (
				76472CB2215B92880006405B /* LNDrawerC.app */,
			);
			name = Products;
			sourceTree = "<group>";
		};
		76472CB4215B92880006405B /* LNDrawerC */ = {
			isa = PBXGroup;
			children = (
				76472CD4215B92F90006405B /* Classes */,
				76472CDB215B92F90006405B /* Other */,
				76472CBB215B92880006405B /* Main.storyboard */,
				76472CBE215B92890006405B /* Assets.xcassets */,
				76472CC0215B92890006405B /* LaunchScreen.storyboard */,
				76472CC3215B92890006405B /* Info.plist */,
			);
			path = LNDrawerC;
			sourceTree = "<group>";
		};
		76472CD4215B92F90006405B /* Classes */ = {
			isa = PBXGroup;
			children = (
				76472CD7215B92F90006405B /* LNDrawerViewController.h */,
				76472CD8215B92F90006405B /* LNDrawerViewController.m */,
				76472CD6215B92F90006405B /* LNMainTableVC.h */,
				76472CD9215B92F90006405B /* LNMainTableVC.m */,
				76472CE4215B94E80006405B /* LNLeftTableVC.h */,
				76472CE5215B94E80006405B /* LNLeftTableVC.m */,
				76472CE7215B94FC0006405B /* LNRightTableVC.h */,
				76472CE8215B94FC0006405B /* LNRightTableVC.m */,
				76472CDA215B92F90006405B /* LNViewController.h */,
				76472CD5215B92F90006405B /* LNViewController.m */,
			);
			path = Classes;
			sourceTree = "<group>";
		};
		76472CDB215B92F90006405B /* Other */ = {
			isa = PBXGroup;
			children = (
				76472CDC215B92F90006405B /* AppDelegate.h */,
				76472CDE215B92F90006405B /* AppDelegate.m */,
				76472CDD215B92F90006405B /* main.m */,
			);
			path = Other;
			sourceTree = "<group>";
		};
/* End PBXGroup section */

/* Begin PBXNativeTarget section */
		76472CB1215B92880006405B /* LNDrawerC */ = {
			isa = PBXNativeTarget;
			buildConfigurationList = 76472CC8215B92890006405B /* Build configuration list for PBXNativeTarget "LNDrawerC" */;
			buildPhases = (
				76472CAE215B92880006405B /* Sources */,
				76472CAF215B92880006405B /* Frameworks */,
				76472CB0215B92880006405B /* Resources */,
			);
			buildRules = (
			);
			dependencies = (
			);
			name = LNDrawerC;
			productName = LNDrawerC;
			productReference = 76472CB2215B92880006405B /* LNDrawerC.app */;
			productType = "com.apple.product-type.application";
		};
/* End PBXNativeTarget section */

/* Begin PBXProject section */
		76472CAA215B92880006405B /* Project object */ = {
			isa = PBXProject;
			attributes = {
				LastUpgradeCheck = 0940;
				ORGANIZATIONNAME = "不知名开发者";
				TargetAttributes = {
					76472CB1215B92880006405B = {
						CreatedOnToolsVersion = 9.4;
					};
				};
			};
			buildConfigurationList = 76472CAD215B92880006405B /* Build configuration list for PBXProject "LNDrawerC" */;
			compatibilityVersion = "Xcode 9.3";
			developmentRegion = en;
			hasScannedForEncodings = 0;
			knownRegions = (
				en,
				Base,
			);
			mainGroup = 76472CA9215B92880006405B;
			productRefGroup = 76472CB3215B92880006405B /* Products */;
			projectDirPath = "";
			projectRoot = "";
			targets = (
				76472CB1215B92880006405B /* LNDrawerC */,
			);
		};
/* End PBXProject section */

/* Begin PBXResourcesBuildPhase section */
		76472CB0215B92880006405B /* Resources */ = {
			isa = PBXResourcesBuildPhase;
			buildActionMask = 2147483647;
			files = (
				76472CC2215B92890006405B /* LaunchScreen.storyboard in Resources */,
				76472CBF215B92890006405B /* Assets.xcassets in Resources */,
				76472CBD215B92880006405B /* Main.storyboard in Resources */,
			);
			runOnlyForDeploymentPostprocessing = 0;
		};
/* End PBXResourcesBuildPhase section */

/* Begin PBXSourcesBuildPhase section */
		76472CAE215B92880006405B /* Sources */ = {
			isa = PBXSourcesBuildPhase;
			buildActionMask = 2147483647;
			files = (
				76472CE6215B94E80006405B /* LNLeftTableVC.m in Sources */,
				76472CDF215B92F90006405B /* LNViewController.m in Sources */,
				76472CE9215B94FC0006405B /* LNRightTableVC.m in Sources */,
				76472CE0215B92F90006405B /* LNDrawerViewController.m in Sources */,
				76472CE2215B92F90006405B /* main.m in Sources */,
				76472CE1215B92F90006405B /* LNMainTableVC.m in Sources */,
				76472CE3215B92F90006405B /* AppDelegate.m in Sources */,
			);
			runOnlyForDeploymentPostprocessing = 0;
		};
/* End PBXSourcesBuildPhase section */

/* Begin PBXVariantGroup section */
		76472CBB215B92880006405B /* Main.storyboard */ = {
			isa = PBXVariantGroup;
			children = (
				76472CBC215B92880006405B /* Base */,
			);
			name = Main.storyboard;
			sourceTree = "<group>";
		};
		76472CC0215B92890006405B /* LaunchScreen.storyboard */ = {
			isa = PBXVariantGroup;
			children = (
				76472CC1215B92890006405B /* Base */,
			);
			name = LaunchScreen.storyboard;
			sourceTree = "<group>";
		};
/* End PBXVariantGroup section */

/* Begin XCBuildConfiguration section */
		76472CC6215B92890006405B /* Debug */ = {
			isa = XCBuildConfiguration;
			buildSettings = {
				ALWAYS_SEARCH_USER_PATHS = NO;
				CLANG_ANALYZER_NONNULL = YES;
				CLANG_ANALYZER_NUMBER_OBJECT_CONVERSION = YES_AGGRESSIVE;
				CLANG_CXX_LANGUAGE_STANDARD = "gnu++14";
				CLANG_CXX_LIBRARY = "libc++";
				CLANG_ENABLE_MODULES = YES;
				CLANG_ENABLE_OBJC_ARC = YES;
				CLANG_ENABLE_OBJC_WEAK = YES;
				CLANG_WARN_BLOCK_CAPTURE_AUTORELEASING = YES;
				CLANG_WARN_BOOL_CONVERSION = YES;
				CLANG_WARN_COMMA = YES;
				CLANG_WARN_CONSTANT_CONVERSION = YES;
				CLANG_WARN_DEPRECATED_OBJC_IMPLEMENTATIONS = YES;
				CLANG_WARN_DIRECT_OBJC_ISA_USAGE = YES_ERROR;
				CLANG_WARN_DOCUMENTATION_COMMENTS = YES;
				CLANG_WARN_EMPTY_BODY = YES;
				CLANG_WARN_ENUM_CONVERSION = YES;
				CLANG_WARN_INFINITE_RECURSION = YES;
				CLANG_WARN_INT_CONVERSION = YES;
				CLANG_WARN_NON_LITERAL_NULL_CONVERSION = YES;
				CLANG_WARN_OBJC_IMPLICIT_RETAIN_SELF = YES;
				CLANG_WARN_OBJC_LITERAL_CONVERSION = YES;
				CLANG_WARN_OBJC_ROOT_CLASS = YES_ERROR;
				CLANG_WARN_RANGE_LOOP_ANALYSIS = YES;
				CLANG_WARN_STRICT_PROTOTYPES = YES;
				CLANG_WARN_SUSPICIOUS_MOVE = YES;
				CLANG_WARN_UNGUARDED_AVAILABILITY = YES_AGGRESSIVE;
				CLANG_WARN_UNREACHABLE_CODE = YES;
				CLANG_WARN__DUPLICATE_METHOD_MATCH = YES;
				CODE_SIGN_IDENTITY = "iPhone Developer";
				COPY_PHASE_STRIP = NO;
				DEBUG_INFORMATION_FORMAT = dwarf;
				ENABLE_STRICT_OBJC_MSGSEND = YES;
				ENABLE_TESTABILITY = YES;
				GCC_C_LANGUAGE_STANDARD = gnu11;
				GCC_DYNAMIC_NO_PIC = NO;
				GCC_NO_COMMON_BLOCKS = YES;
				GCC_OPTIMIZATION_LEVEL = 0;
				GCC_PREPROCESSOR_DEFINITIONS = (
					"DEBUG=1",
					"$(inherited)",
				);
				GCC_WARN_64_TO_32_BIT_CONVERSION = YES;
				GCC_WARN_ABOUT_RETURN_TYPE = YES_ERROR;
				GCC_WARN_UNDECLARED_SELECTOR = YES;
				GCC_WARN_UNINITIALIZED_AUTOS = YES_AGGRESSIVE;
				GCC_WARN_UNUSED_FUNCTION = YES;
				GCC_WARN_UNUSED_VARIABLE = YES;
				IPHONEOS_DEPLOYMENT_TARGET = 11.4;
				MTL_ENABLE_DEBUG_INFO = YES;
				ONLY_ACTIVE_ARCH = YES;
				SDKROOT = iphoneos;
			};
			name = Debug;
		};
		76472CC7215B92890006405B /* Release */ = {
			isa = XCBuildConfiguration;
			buildSettings = {
				ALWAYS_SEARCH_USER_PATHS = NO;
				CLANG_ANALYZER_NONNULL = YES;
				CLANG_ANALYZER_NUMBER_OBJECT_CONVERSION = YES_AGGRESSIVE;
				CLANG_CXX_LANGUAGE_STANDARD = "gnu++14";
				CLANG_CXX_LIBRARY = "libc++";
				CLANG_ENABLE_MODULES = YES;
				CLANG_ENABLE_OBJC_ARC = YES;
				CLANG_ENABLE_OBJC_WEAK = YES;
				CLANG_WARN_BLOCK_CAPTURE_AUTORELEASING = YES;
				CLANG_WARN_BOOL_CONVERSION = YES;
				CLANG_WARN_COMMA = YES;
				CLANG_WARN_CONSTANT_CONVERSION = YES;
				CLANG_WARN_DEPRECATED_OBJC_IMPLEMENTATIONS = YES;
				CLANG_WARN_DIRECT_OBJC_ISA_USAGE = YES_ERROR;
				CLANG_WARN_DOCUMENTATION_COMMENTS = YES;
				CLANG_WARN_EMPTY_BODY = YES;
				CLANG_WARN_ENUM_CONVERSION = YES;
				CLANG_WARN_INFINITE_RECURSION = YES;
				CLANG_WARN_INT_CONVERSION = YES;
				CLANG_WARN_NON_LITERAL_NULL_CONVERSION = YES;
				CLANG_WARN_OBJC_IMPLICIT_RETAIN_SELF = YES;
				CLANG_WARN_OBJC_LITERAL_CONVERSION = YES;
				CLANG_WARN_OBJC_ROOT_CLASS = YES_ERROR;
				CLANG_WARN_RANGE_LOOP_ANALYSIS = YES;
				CLANG_WARN_STRICT_PROTOTYPES = YES;
				CLANG_WARN_SUSPICIOUS_MOVE = YES;
				CLANG_WARN_UNGUARDED_AVAILABILITY = YES_AGGRESSIVE;
				CLANG_WARN_UNREACHABLE_CODE = YES;
				CLANG_WARN__DUPLICATE_METHOD_MATCH = YES;
				CODE_SIGN_IDENTITY = "iPhone Developer";
				COPY_PHASE_STRIP = NO;
				DEBUG_INFORMATION_FORMAT = "dwarf-with-dsym";
				ENABLE_NS_ASSERTIONS = NO;
				ENABLE_STRICT_OBJC_MSGSEND = YES;
				GCC_C_LANGUAGE_STANDARD = gnu11;
				GCC_NO_COMMON_BLOCKS = YES;
				GCC_WARN_64_TO_32_BIT_CONVERSION = YES;
				GCC_WARN_ABOUT_RETURN_TYPE = YES_ERROR;
				GCC_WARN_UNDECLARED_SELECTOR = YES;
				GCC_WARN_UNINITIALIZED_AUTOS = YES_AGGRESSIVE;
				GCC_WARN_UNUSED_FUNCTION = YES;
				GCC_WARN_UNUSED_VARIABLE = YES;
				IPHONEOS_DEPLOYMENT_TARGET = 11.4;
				MTL_ENABLE_DEBUG_INFO = NO;
				SDKROOT = iphoneos;
				VALIDATE_PRODUCT = YES;
			};
			name = Release;
		};
		76472CC9215B92890006405B /* Debug */ = {
			isa = XCBuildConfiguration;
			buildSettings = {
				ASSETCATALOG_COMPILER_APPICON_NAME = AppIcon;
				CODE_SIGN_STYLE = Automatic;
				INFOPLIST_FILE = LNDrawerC/Info.plist;
				LD_RUNPATH_SEARCH_PATHS = (
					"$(inherited)",
					"@executable_path/Frameworks",
				);
				PRODUCT_BUNDLE_IDENTIFIER = CoderLN.LNDrawerC;
				PRODUCT_NAME = "$(TARGET_NAME)";
				TARGETED_DEVICE_FAMILY = "1,2";
			};
			name = Debug;
		};
		76472CCA215B92890006405B /* Release */ = {
			isa = XCBuildConfiguration;
			buildSettings = {
				ASSETCATALOG_COMPILER_APPICON_NAME = AppIcon;
				CODE_SIGN_STYLE = Automatic;
				INFOPLIST_FILE = LNDrawerC/Info.plist;
				LD_RUNPATH_SEARCH_PATHS = (
					"$(inherited)",
					"@executable_path/Frameworks",
				);
				PRODUCT_BUNDLE_IDENTIFIER = CoderLN.LNDrawerC;
				PRODUCT_NAME = "$(TARGET_NAME)";
				TARGETED_DEVICE_FAMILY = "1,2";
			};
			name = Release;
		};
/* End XCBuildConfiguration section */

/* Begin XCConfigurationList section */
		76472CAD215B92880006405B /* Build configuration list for PBXProject "LNDrawerC" */ = {
			isa = XCConfigurationList;
			buildConfigurations = (
				76472CC6215B92890006405B /* Debug */,
				76472CC7215B92890006405B /* Release */,
			);
			defaultConfigurationIsVisible = 0;
			defaultConfigurationName = Release;
		};
		76472CC8215B92890006405B /* Build configuration list for PBXNativeTarget "LNDrawerC" */ = {
			isa = XCConfigurationList;
			buildConfigurations = (
				76472CC9215B92890006405B /* Debug */,
				76472CCA215B92890006405B /* Release */,
			);
			defaultConfigurationIsVisible = 0;
			defaultConfigurationName = Release;
		};
/* End XCConfigurationList section */
	};
	rootObject = 76472CAA215B92880006405B /* Project object */;
}
